
Microsoft Visual Studio Solution File, Format Version 12.00
# Visual Studio 15
VisualStudioVersion = 15.0.28010.2016
MinimumVisualStudioVersion = 10.0.40219.1
Project("{9A19103F-16F7-4668-BE54-9A1E7A4F7556}") = "Sports.Football.Web", "Sports.Football.Web\Sports.Football.Web.csproj", "{C834A3EF-38D2-435B-B0FC-0BDF98D3ABE8}"
EndProject
Project("{9A19103F-16F7-4668-BE54-9A1E7A4F7556}") = "Sports.Football.Data", "Sports.Football.Data\Sports.Football.Data.csproj", "{90FC0CBC-7ED9-4693-A9B4-138160F32E72}"
EndProject
Project("{9A19103F-16F7-4668-BE54-9A1E7A4F7556}") = "Sports.Football.Core", "Sports.Football.Core\Sports.Football.Core.csproj", "{1F517627-1B2B-4EF5-8439-2A4F40117042}"
EndProject
Project("{2150E333-8FDC-42A3-9474-1A3956D46DE8}") = "Tests", "Tests", "{C965EF14-0820-445B-AC85-7B1667158F14}"
EndProject
Project("{9A19103F-16F7-4668-BE54-9A1E7A4F7556}") = "Sports.Football.Core.Tests", "Sports.Football.Core.Tests\Sports.Football.Core.Tests.csproj", "{6FA98539-759E-4CB4-8F6B-8C31C7798E59}"
EndProject
Project("{9A19103F-16F7-4668-BE54-9A1E7A4F7556}") = "Sports.Football.Repositories", "Sports.Football.Domain\Sports.Football.Repositories.csproj", "{232E85C1-109A-4890-800C-DF942728A318}"
EndProject
Global
	GlobalSection(SolutionConfigurationPlatforms) = preSolution
		Debug|Any CPU = Debug|Any CPU
		Release|Any CPU = Release|Any CPU
	EndGlobalSection
	GlobalSection(ProjectConfigurationPlatforms) = postSolution
		{C834A3EF-38D2-435B-B0FC-0BDF98D3ABE8}.Debug|Any CPU.ActiveCfg = Debug|Any CPU
		{C834A3EF-38D2-435B-B0FC-0BDF98D3ABE8}.Debug|Any CPU.Build.0 = Debug|Any CPU
		{C834A3EF-38D2-435B-B0FC-0BDF98D3ABE8}.Release|Any CPU.ActiveCfg = Release|Any CPU
		{C834A3EF-38D2-435B-B0FC-0BDF98D3ABE8}.Release|Any CPU.Build.0 = Release|Any CPU
		{90FC0CBC-7ED9-4693-A9B4-138160F32E72}.Debug|Any CPU.ActiveCfg = Debug|Any CPU
		{90FC0CBC-7ED9-4693-A9B4-138160F32E72}.Debug|Any CPU.Build.0 = Debug|Any CPU
		{90FC0CBC-7ED9-4693-A9B4-138160F32E72}.Release|Any CPU.ActiveCfg = Release|Any CPU
		{90FC0CBC-7ED9-4693-A9B4-138160F32E72}.Release|Any CPU.Build.0 = Release|Any CPU
		{1F517627-1B2B-4EF5-8439-2A4F40117042}.Debug|Any CPU.ActiveCfg = Debug|Any CPU
		{1F517627-1B2B-4EF5-8439-2A4F40117042}.Debug|Any CPU.Build.0 = Debug|Any CPU
		{1F517627-1B2B-4EF5-8439-2A4F40117042}.Release|Any CPU.ActiveCfg = Release|Any CPU
		{1F517627-1B2B-4EF5-8439-2A4F40117042}.Release|Any CPU.Build.0 = Release|Any CPU
		{6FA98539-759E-4CB4-8F6B-8C31C7798E59}.Debug|Any CPU.ActiveCfg = Debug|Any CPU
		{6FA98539-759E-4CB4-8F6B-8C31C7798E59}.Debug|Any CPU.Build.0 = Debug|Any CPU
		{6FA98539-759E-4CB4-8F6B-8C31C7798E59}.Release|Any CPU.ActiveCfg = Release|Any CPU
		{6FA98539-759E-4CB4-8F6B-8C31C7798E59}.Release|Any CPU.Build.0 = Release|Any CPU
		{232E85C1-109A-4890-800C-DF942728A318}.Debug|Any CPU.ActiveCfg = Debug|Any CPU
		{232E85C1-109A-4890-800C-DF942728A318}.Debug|Any CPU.Build.0 = Debug|Any CPU
		{232E85C1-109A-4890-800C-DF942728A318}.Release|Any CPU.ActiveCfg = Release|Any CPU
		{232E85C1-109A-4890-800C-DF942728A318}.Release|Any CPU.Build.0 = Release|Any CPU
	EndGlobalSection
	GlobalSection(SolutionProperties) = preSolution
		HideSolutionNode = FALSE
	EndGlobalSection
	GlobalSection(NestedProjects) = preSolution
		{6FA98539-759E-4CB4-8F6B-8C31C7798E59} = {C965EF14-0820-445B-AC85-7B1667158F14}
	EndGlobalSection
	GlobalSection(ExtensibilityGlobals) = postSolution
		SolutionGuid = {2BDE77AA-F216-429E-80AC-028B9668D758}
	EndGlobalSection
EndGlobal
